
Microsoft Visual Studio Solution File, Format Version 12.00
# Visual Studio Version 17
VisualStudioVersion = 17.5.33516.290
MinimumVisualStudioVersion = 10.0.40219.1
Project("{C9674DCB-5085-4A16-B785-4C70DD1589BD}") = "SSIS", "SSIS.dtproj", "{E8EC3E5A-0343-4F12-A7C2-02E3B616B286}"
EndProject
Global
	GlobalSection(SolutionConfigurationPlatforms) = preSolution
		Development|Default = Development|Default
	EndGlobalSection
	GlobalSection(ProjectConfigurationPlatforms) = postSolution
		{E8EC3E5A-0343-4F12-A7C2-02E3B616B286}.Development|Default.ActiveCfg = Development
		{E8EC3E5A-0343-4F12-A7C2-02E3B616B286}.Development|Default.Build.0 = Development
	EndGlobalSection
	GlobalSection(SolutionProperties) = preSolution
		HideSolutionNode = FALSE
	EndGlobalSection
	GlobalSection(ExtensibilityGlobals) = postSolution
		SolutionGuid = {F750D0FE-888F-4512-955C-D6795D82135B}
	EndGlobalSection
EndGlobal
